
Microsoft Visual Studio Solution File, Format Version 12.00
# Visual Studio Version 16
VisualStudioVersion = 16.0.30621.155
MinimumVisualStudioVersion = 10.0.40219.1
Project("{9A19103F-16F7-4668-BE54-9A1E7A4F7556}") = "TrilhaBackendCSharp", "TrilhaBackendCSharp\TrilhaBackendCSharp.csproj", "{60CC091C-9864-4780-BDAA-DD3AB424BCCA}"
EndProject
Project("{9A19103F-16F7-4668-BE54-9A1E7A4F7556}") = "TrilhaBackendCSharp.Dominio", "TrilhaBackendCSharp.Dominio\TrilhaBackendCSharp.Dominio.csproj", "{5B7152A5-83BB-4B2F-B398-0129CA041463}"
EndProject
Project("{9A19103F-16F7-4668-BE54-9A1E7A4F7556}") = "TrilhaBackendCSharp.Infraestrutura", "TrilhaBackendCSharp.Infraestrutura\TrilhaBackendCSharp.Infraestrutura.csproj", "{AA14858F-0918-4962-928B-CEB464953851}"
EndProject
Project("{9A19103F-16F7-4668-BE54-9A1E7A4F7556}") = "TrilhaBackendCSharp.Worker", "TrilhaBackendCSharp.Worker\TrilhaBackendCSharp.Worker.csproj", "{6838FAED-7758-4DBA-81CE-BEE22762EED6}"
EndProject
Project("{FAE04EC0-301F-11D3-BF4B-00C04F79EFBC}") = "TrilhaBackendCSharp.Application", "TrilhaBackendCSharp.Application\TrilhaBackendCSharp.Application.csproj", "{D534AEFC-ADAF-4262-B1C6-81D7A4647394}"
EndProject
Global
	GlobalSection(SolutionConfigurationPlatforms) = preSolution
		Debug|Any CPU = Debug|Any CPU
		Release|Any CPU = Release|Any CPU
	EndGlobalSection
	GlobalSection(ProjectConfigurationPlatforms) = postSolution
		{60CC091C-9864-4780-BDAA-DD3AB424BCCA}.Debug|Any CPU.ActiveCfg = Debug|Any CPU
		{60CC091C-9864-4780-BDAA-DD3AB424BCCA}.Debug|Any CPU.Build.0 = Debug|Any CPU
		{60CC091C-9864-4780-BDAA-DD3AB424BCCA}.Release|Any CPU.ActiveCfg = Release|Any CPU
		{60CC091C-9864-4780-BDAA-DD3AB424BCCA}.Release|Any CPU.Build.0 = Release|Any CPU
		{5B7152A5-83BB-4B2F-B398-0129CA041463}.Debug|Any CPU.ActiveCfg = Debug|Any CPU
		{5B7152A5-83BB-4B2F-B398-0129CA041463}.Debug|Any CPU.Build.0 = Debug|Any CPU
		{5B7152A5-83BB-4B2F-B398-0129CA041463}.Release|Any CPU.ActiveCfg = Release|Any CPU
		{5B7152A5-83BB-4B2F-B398-0129CA041463}.Release|Any CPU.Build.0 = Release|Any CPU
		{AA14858F-0918-4962-928B-CEB464953851}.Debug|Any CPU.ActiveCfg = Debug|Any CPU
		{AA14858F-0918-4962-928B-CEB464953851}.Debug|Any CPU.Build.0 = Debug|Any CPU
		{AA14858F-0918-4962-928B-CEB464953851}.Release|Any CPU.ActiveCfg = Release|Any CPU
		{AA14858F-0918-4962-928B-CEB464953851}.Release|Any CPU.Build.0 = Release|Any CPU
		{6838FAED-7758-4DBA-81CE-BEE22762EED6}.Debug|Any CPU.ActiveCfg = Debug|Any CPU
		{6838FAED-7758-4DBA-81CE-BEE22762EED6}.Debug|Any CPU.Build.0 = Debug|Any CPU
		{6838FAED-7758-4DBA-81CE-BEE22762EED6}.Release|Any CPU.ActiveCfg = Release|Any CPU
		{6838FAED-7758-4DBA-81CE-BEE22762EED6}.Release|Any CPU.Build.0 = Release|Any CPU
		{D534AEFC-ADAF-4262-B1C6-81D7A4647394}.Debug|Any CPU.ActiveCfg = Debug|Any CPU
		{D534AEFC-ADAF-4262-B1C6-81D7A4647394}.Debug|Any CPU.Build.0 = Debug|Any CPU
		{D534AEFC-ADAF-4262-B1C6-81D7A4647394}.Release|Any CPU.ActiveCfg = Release|Any CPU
		{D534AEFC-ADAF-4262-B1C6-81D7A4647394}.Release|Any CPU.Build.0 = Release|Any CPU
	EndGlobalSection
	GlobalSection(SolutionProperties) = preSolution
		HideSolutionNode = FALSE
	EndGlobalSection
	GlobalSection(ExtensibilityGlobals) = postSolution
		SolutionGuid = {0749D333-AEF3-43ED-9A31-FBA65335859C}
	EndGlobalSection
EndGlobal
