
Microsoft Visual Studio Solution File, Format Version 12.00
# Visual Studio Version 16
VisualStudioVersion = 16.0.30804.86
MinimumVisualStudioVersion = 10.0.40219.1
Project("{9A19103F-16F7-4668-BE54-9A1E7A4F7556}") = "Clientes.API", "Clientes.API\Clientes.API.csproj", "{60261510-1214-4A99-AC45-56EC1B6A46C4}"
EndProject
Project("{9A19103F-16F7-4668-BE54-9A1E7A4F7556}") = "Clientes.Dominio", "Clientes.Dominio\Clientes.Dominio.csproj", "{3BEEBA4D-C26A-42AD-818E-73BF6E6E0F0A}"
EndProject
Project("{9A19103F-16F7-4668-BE54-9A1E7A4F7556}") = "Clientes.Infraestrutura", "Clientes.Infraestrutura\Clientes.Infraestrutura.csproj", "{428668F3-976B-4A64-87B9-58EA257F35D0}"
EndProject
Project("{FAE04EC0-301F-11D3-BF4B-00C04F79EFBC}") = "Clientes.Application", "Clientes.Application\Clientes.Application.csproj", "{FE833987-D646-4058-987D-683208AEAE5D}"
EndProject
Global
	GlobalSection(SolutionConfigurationPlatforms) = preSolution
		Debug|Any CPU = Debug|Any CPU
		Release|Any CPU = Release|Any CPU
	EndGlobalSection
	GlobalSection(ProjectConfigurationPlatforms) = postSolution
		{60261510-1214-4A99-AC45-56EC1B6A46C4}.Debug|Any CPU.ActiveCfg = Debug|Any CPU
		{60261510-1214-4A99-AC45-56EC1B6A46C4}.Debug|Any CPU.Build.0 = Debug|Any CPU
		{60261510-1214-4A99-AC45-56EC1B6A46C4}.Release|Any CPU.ActiveCfg = Release|Any CPU
		{60261510-1214-4A99-AC45-56EC1B6A46C4}.Release|Any CPU.Build.0 = Release|Any CPU
		{3BEEBA4D-C26A-42AD-818E-73BF6E6E0F0A}.Debug|Any CPU.ActiveCfg = Debug|Any CPU
		{3BEEBA4D-C26A-42AD-818E-73BF6E6E0F0A}.Debug|Any CPU.Build.0 = Debug|Any CPU
		{3BEEBA4D-C26A-42AD-818E-73BF6E6E0F0A}.Release|Any CPU.ActiveCfg = Release|Any CPU
		{3BEEBA4D-C26A-42AD-818E-73BF6E6E0F0A}.Release|Any CPU.Build.0 = Release|Any CPU
		{428668F3-976B-4A64-87B9-58EA257F35D0}.Debug|Any CPU.ActiveCfg = Debug|Any CPU
		{428668F3-976B-4A64-87B9-58EA257F35D0}.Debug|Any CPU.Build.0 = Debug|Any CPU
		{428668F3-976B-4A64-87B9-58EA257F35D0}.Release|Any CPU.ActiveCfg = Release|Any CPU
		{428668F3-976B-4A64-87B9-58EA257F35D0}.Release|Any CPU.Build.0 = Release|Any CPU
		{FE833987-D646-4058-987D-683208AEAE5D}.Debug|Any CPU.ActiveCfg = Debug|Any CPU
		{FE833987-D646-4058-987D-683208AEAE5D}.Debug|Any CPU.Build.0 = Debug|Any CPU
		{FE833987-D646-4058-987D-683208AEAE5D}.Release|Any CPU.ActiveCfg = Release|Any CPU
		{FE833987-D646-4058-987D-683208AEAE5D}.Release|Any CPU.Build.0 = Release|Any CPU
	EndGlobalSection
	GlobalSection(SolutionProperties) = preSolution
		HideSolutionNode = FALSE
	EndGlobalSection
	GlobalSection(ExtensibilityGlobals) = postSolution
		SolutionGuid = {D8B220D6-31C7-4209-91BB-479C523165CB}
	EndGlobalSection
EndGlobal
